{
  "name": "load-test",
  "version": "1.0.0",
  "lockfileVersion": 3,
  "requires": true,
  "packages": {
    "": {
      "name": "load-test",
      "version": "1.0.0",
      "license": "ISC",
      "devDependencies": {
        "@types/k6": "^0.45.0"
      }
    },
    "node_modules/@types/k6": {
      "version": "0.45.0",
      "resolved": "https://registry.npmjs.org/@types/k6/-/k6-0.45.0.tgz",
      "integrity": "sha512-ySQ1LQ67kqYz/4W6oJ/9afPWHV/2GYKVUQFkOzM+fBtY2POCY8D7GX4F6rT0R8u2Be/DK8s1Ypr2s+LbToj/oA==",
      "dev": true
    }
  }
}
